
Microsoft Visual Studio Solution File, Format Version 12.00
# Visual Studio 15
VisualStudioVersion = 15.0.26430.12
MinimumVisualStudioVersion = 10.0.40219.1
Project("{FAE04EC0-301F-11D3-BF4B-00C04F79EFBC}") = "SistemaGimnasios", "SistemaGimnasios\SistemaGimnasios.csproj", "{9FC31750-5BEB-453B-A265-D32EE6EB2084}"
EndProject
Project("{FAE04EC0-301F-11D3-BF4B-00C04F79EFBC}") = "DAOGimnasios", "DAOGimnasios\DAOGimnasios.csproj", "{4FDC586A-0E26-4B90-829A-6C2B9BE51413}"
EndProject
Global
	GlobalSection(SolutionConfigurationPlatforms) = preSolution
		Debug|Any CPU = Debug|Any CPU
		Release|Any CPU = Release|Any CPU
	EndGlobalSection
	GlobalSection(ProjectConfigurationPlatforms) = postSolution
		{9FC31750-5BEB-453B-A265-D32EE6EB2084}.Debug|Any CPU.ActiveCfg = Debug|Any CPU
		{9FC31750-5BEB-453B-A265-D32EE6EB2084}.Debug|Any CPU.Build.0 = Debug|Any CPU
		{9FC31750-5BEB-453B-A265-D32EE6EB2084}.Release|Any CPU.ActiveCfg = Release|Any CPU
		{9FC31750-5BEB-453B-A265-D32EE6EB2084}.Release|Any CPU.Build.0 = Release|Any CPU
		{4FDC586A-0E26-4B90-829A-6C2B9BE51413}.Debug|Any CPU.ActiveCfg = Debug|Any CPU
		{4FDC586A-0E26-4B90-829A-6C2B9BE51413}.Debug|Any CPU.Build.0 = Debug|Any CPU
		{4FDC586A-0E26-4B90-829A-6C2B9BE51413}.Release|Any CPU.ActiveCfg = Release|Any CPU
		{4FDC586A-0E26-4B90-829A-6C2B9BE51413}.Release|Any CPU.Build.0 = Release|Any CPU
	EndGlobalSection
	GlobalSection(SolutionProperties) = preSolution
		HideSolutionNode = FALSE
	EndGlobalSection
EndGlobal
